github.com/dimchat/core-go v0.0.0-20210307093703-9171944aa29a h1:enWIFCpEgKxB0JXJO3clguHPLt2DFzkIF1A5QcM5jXc=
github.com/dimchat/core-go v0.0.0-20210307093703-9171944aa29a/go.mod h1:njQaEh5DpIdGmx5HCDaY3O1WvnaT+KEJhqpQcqJPAQ0=
github.com/dimchat/dkd-go v0.0.0-20210307090311-0060751b54b0 h1:QbEFaRs5pNKfcTEBoZ1fwzlG49/pn/VLZfJz422E8M0=
github.com/dimchat/dkd-go v0.0.0-20210307090311-0060751b54b0/go.mod h1:vl0hsiTT4MU8SLG19Osw8lxX6GtOj9b5s+t/18QVpP8=
github.com/dimchat/mkm-go v0.0.0-20210307083543-185981b572bb h1:HOH2trM+FAITPNqwYQBB/cHyBrU2a9Kqk+qnH6FCzog=
github.com/dimchat/mkm-go v0.0.0-20210307083543-185981b572bb/go.mod h1:rRD77W4jdUAkfNA2fBa+co3/ADLpuTE9EXtlrldz39U=
github.com/dimchat/sdk-go/dimp v0.0.0-20210308114304-70326c7b9999 h1:lwA21yIzk4kZssFUwPxjHGxvdLuOwqC42GGPPeczDr8=
github.com/dimchat/sdk-go/dimp v0.0.0-20210308114304-70326c7b9999/go.mod h1:NvpWgKpSYxhbsMjzf4onicsPq7TcyIUZnapB5rbWAQM=
github.com/dimchat/sdk-go/plugins v0.0.0-20210308114304-70326c7b9999 h1:7Wg8IxW3oTD44x7Lj1EjEsHj5CqoEu5PmkxVVh5cL/w=
github.com/dimchat/sdk-go/plugins v0.0.0-20210308114304-70326c7b9999/go.mod h1:x2n2s2dy30JAuJrgpJGxPuxIXTK0CGwVnG1QPLJB/Iw=
github.com/dimchat/sdk-go/protocol v0.0.0-20210308114304-70326c7b9999 h1:UtLGZ2ccmL9wy8QKYSD0XQ5zakgqK0CsXg9xY8H5Tk4=
github.com/dimchat/sdk-go/protocol v0.0.0-20210308114304-70326c7b9999/go.mod h1:KgoF8HH5i8077BQaLHFyJoIQv85T77zG1VVO5cBDGnc=
golang.org/x/crypto v0.0.0-20190308221718-c2843e01d9a2/go.mod h1:djNgcEr1/C05ACkg1iLfiJU5Ep61QUkGW8qpdssI0+w=
golang.org/x/crypto v0.0.0-20210220033148-5ea612d1eb83 h1:/ZScEX8SfEmUGRHs0gxpqteO5nfNW6axyZbBdw9A12g=
golang.org/x/crypto v0.0.0-20210220033148-5ea612d1eb83/go.mod h1:jdWPYTVW3xRLrWPugEBEK3UY2ZEsg3UU495nc5E+M+I=
golang.org/x/net v0.0.0-20190404232315-eb5bcb51f2a3/go.mod h1:t9HGtf8HONx5eT2rtn7q6eTqICYqUVnKs3thJo3Qplg=
golang.org/x/sys v0.0.0-20190215142949-d0b11bdaac8a/go.mod h1:STP8DvDyc/dI5b8T5hshtkjS+E42TnysNCUPdjciGhY=
golang.org/x/sys v0.0.0-20191026070338-33540a1f6037/go.mod h1:h1NjWce9XRLGQEsW7wpKNCjG9DtNlClVuFLEZdDNbEs=
golang.org/x/sys v0.0.0-20200824131525-c12d262b63d8 h1:AvbQYmiaaaza3cW3QXRyPo5kYgpFIzOAfeAAN7m3qQ4=
golang.org/x/sys v0.0.0-20200824131525-c12d262b63d8/go.mod h1:h1NjWce9XRLGQEsW7wpKNCjG9DtNlClVuFLEZdDNbEs=
golang.org/x/term v0.0.0-20201117132131-f5c789dd3221/go.mod h1:Nr5EML6q2oocZ2LXRh80K7BxOlk5/8JxuGnuhpl+muw=
golang.org/x/text v0.3.0/go.mod h1:NqM8EUOU14njkJ3fqMW+pc6Ldnwhi/IjpwHt7yyuwOQ=
