github.com/dimchat/core-go v0.0.0-20220414174141-644222c7aaaa h1:TZc9ljPdxDa7Bb7b6BCmPfjwW5gpxauTn/+jGMlp64s=
github.com/dimchat/core-go v0.0.0-20220414174141-644222c7aaaa/go.mod h1:M79aix6Qe1bZ7/B9kojJJxTE4qa/BoayvjVOQlCeA3U=
github.com/dimchat/dkd-go v0.0.0-20220414172520-287688688b89 h1:Mu8Qf/vBKrf1L3wTFSQ87GRgkc5IGW2oS6kSUfyRFW4=
github.com/dimchat/dkd-go v0.0.0-20220414172520-287688688b89/go.mod h1:+4UrFeOmPeB8O/quxWeCRRF/Emz8zvKcbDn6qMbl88g=
github.com/dimchat/mkm-go v0.0.0-20220414171843-78767886404d h1:C13wRd91rN8W1X8Khrdq7sZ2r5Z5m6VQ4vfFf7hdlBY=
github.com/dimchat/mkm-go v0.0.0-20220414171843-78767886404d/go.mod h1:rRD77W4jdUAkfNA2fBa+co3/ADLpuTE9EXtlrldz39U=
github.com/dimchat/sdk-go/dimp v0.0.0-20220414184146-94543494882d h1:Goz7fbahWWqPtVmu/VlFSmm+k/q646ZsKvYhgGcBYS8=
github.com/dimchat/sdk-go/dimp v0.0.0-20220414184146-94543494882d/go.mod h1:Wq6AmY6wNjNYFThL/tEcnATYDrheDMJux4mh7tCpuKY=
github.com/dimchat/sdk-go/plugins v0.0.0-20220414184146-94543494882d h1:+305dMudwAkULwSl/kvQpWc7Mz/MOMSSZqSEokP+Yuw=
github.com/dimchat/sdk-go/plugins v0.0.0-20220414184146-94543494882d/go.mod h1:ZdLoFSJpY0xL3Bbg1TixYIWeA+P1w+FWamEZcoPZuew=
golang.org/x/crypto v0.0.0-20190308221718-c2843e01d9a2/go.mod h1:djNgcEr1/C05ACkg1iLfiJU5Ep61QUkGW8qpdssI0+w=
golang.org/x/crypto v0.0.0-20210220033148-5ea612d1eb83 h1:/ZScEX8SfEmUGRHs0gxpqteO5nfNW6axyZbBdw9A12g=
golang.org/x/crypto v0.0.0-20210220033148-5ea612d1eb83/go.mod h1:jdWPYTVW3xRLrWPugEBEK3UY2ZEsg3UU495nc5E+M+I=
golang.org/x/net v0.0.0-20190404232315-eb5bcb51f2a3/go.mod h1:t9HGtf8HONx5eT2rtn7q6eTqICYqUVnKs3thJo3Qplg=
golang.org/x/sys v0.0.0-20190215142949-d0b11bdaac8a/go.mod h1:STP8DvDyc/dI5b8T5hshtkjS+E42TnysNCUPdjciGhY=
golang.org/x/sys v0.0.0-20191026070338-33540a1f6037/go.mod h1:h1NjWce9XRLGQEsW7wpKNCjG9DtNlClVuFLEZdDNbEs=
golang.org/x/sys v0.0.0-20200824131525-c12d262b63d8 h1:AvbQYmiaaaza3cW3QXRyPo5kYgpFIzOAfeAAN7m3qQ4=
golang.org/x/sys v0.0.0-20200824131525-c12d262b63d8/go.mod h1:h1NjWce9XRLGQEsW7wpKNCjG9DtNlClVuFLEZdDNbEs=
golang.org/x/term v0.0.0-20201117132131-f5c789dd3221/go.mod h1:Nr5EML6q2oocZ2LXRh80K7BxOlk5/8JxuGnuhpl+muw=
golang.org/x/text v0.3.0/go.mod h1:NqM8EUOU14njkJ3fqMW+pc6Ldnwhi/IjpwHt7yyuwOQ=
