github.com/dimchat/core-go v0.0.0-20210406133346-99ee4995eb5a h1:lsF9PKIjMycKw3wq937VS3Npo25jm7pmT82di9y4htQ=
github.com/dimchat/core-go v0.0.0-20210406133346-99ee4995eb5a/go.mod h1:025BUV9EB1kwOuBnc7o/yMwkH8OiO+2Lbh7itdVEusI=
github.com/dimchat/dkd-go v0.0.0-20210406132748-3223ccc60407 h1:sQFTB27EmlvqpHVtkmI3RoZiC5DvcLx/lhqB/eblMSw=
github.com/dimchat/dkd-go v0.0.0-20210406132748-3223ccc60407/go.mod h1:e9PefdVuJLuPgKY/GI7TJVkOojsDRyjU0Xv4OoG8ruA=
github.com/dimchat/mkm-go v0.0.0-20210406132010-096847306c1d h1:EkdNCJMhQHwNszvSxP+RyLYWx38fLs66HrtCY099peM=
github.com/dimchat/mkm-go v0.0.0-20210406132010-096847306c1d/go.mod h1:rRD77W4jdUAkfNA2fBa+co3/ADLpuTE9EXtlrldz39U=
github.com/dimchat/sdk-go/dimp v0.0.0-20210406134341-4982330f822e h1:sr0CswTLNSq1cRHle67dnX2eGlHrSM1wVT5XUgZbz7Y=
github.com/dimchat/sdk-go/dimp v0.0.0-20210406134341-4982330f822e/go.mod h1:JziZH45yROw1yeMFRubUxPX9LcozO3LaiyBk5QCIKRA=
github.com/dimchat/sdk-go/plugins v0.0.0-20210406134341-4982330f822e h1:xz+x/VmRkCT7kxldj5SsWPoo2yJga4yF5h6QJRqySn4=
github.com/dimchat/sdk-go/plugins v0.0.0-20210406134341-4982330f822e/go.mod h1:Aug2Q7WBeKfvz4FWvlc5HEEWOmA8dbF7Pr0Y9/bN/5E=
github.com/dimchat/sdk-go/protocol v0.0.0-20210406134341-4982330f822e h1:t9ORCgPYeuhOysOFtputYSeNh3q6Ib3oFpubJgQv9wE=
github.com/dimchat/sdk-go/protocol v0.0.0-20210406134341-4982330f822e/go.mod h1:ADtBCgA3lXBBVnsfgwqlbFPvu4rfGMZ6o5KMybLEcNM=
golang.org/x/crypto v0.0.0-20190308221718-c2843e01d9a2/go.mod h1:djNgcEr1/C05ACkg1iLfiJU5Ep61QUkGW8qpdssI0+w=
golang.org/x/crypto v0.0.0-20210220033148-5ea612d1eb83 h1:/ZScEX8SfEmUGRHs0gxpqteO5nfNW6axyZbBdw9A12g=
golang.org/x/crypto v0.0.0-20210220033148-5ea612d1eb83/go.mod h1:jdWPYTVW3xRLrWPugEBEK3UY2ZEsg3UU495nc5E+M+I=
golang.org/x/net v0.0.0-20190404232315-eb5bcb51f2a3/go.mod h1:t9HGtf8HONx5eT2rtn7q6eTqICYqUVnKs3thJo3Qplg=
golang.org/x/sys v0.0.0-20190215142949-d0b11bdaac8a/go.mod h1:STP8DvDyc/dI5b8T5hshtkjS+E42TnysNCUPdjciGhY=
golang.org/x/sys v0.0.0-20191026070338-33540a1f6037/go.mod h1:h1NjWce9XRLGQEsW7wpKNCjG9DtNlClVuFLEZdDNbEs=
golang.org/x/sys v0.0.0-20200824131525-c12d262b63d8 h1:AvbQYmiaaaza3cW3QXRyPo5kYgpFIzOAfeAAN7m3qQ4=
golang.org/x/sys v0.0.0-20200824131525-c12d262b63d8/go.mod h1:h1NjWce9XRLGQEsW7wpKNCjG9DtNlClVuFLEZdDNbEs=
golang.org/x/term v0.0.0-20201117132131-f5c789dd3221/go.mod h1:Nr5EML6q2oocZ2LXRh80K7BxOlk5/8JxuGnuhpl+muw=
golang.org/x/text v0.3.0/go.mod h1:NqM8EUOU14njkJ3fqMW+pc6Ldnwhi/IjpwHt7yyuwOQ=
